// !$*UTF8*$!
{
	archiveVersion = 1;
	classes = {
	};
	objectVersion = 50;
	objects = {

/* Begin PBXBuildFile section */
		018CB46A2161C66D00C5CF56 /* AppDelegate.swift in Sources */ = {isa = PBXBuildFile; fileRef = 018CB4692161C66D00C5CF56 /* AppDelegate.swift */; };
		018CB46C2161C66D00C5CF56 /* ViewController.swift in Sources */ = {isa = PBXBuildFile; fileRef = 018CB46B2161C66D00C5CF56 /* ViewController.swift */; };
		018CB46F2161C66D00C5CF56 /* Main.storyboard in Resources */ = {isa = PBXBuildFile; fileRef = 018CB46D2161C66D00C5CF56 /* Main.storyboard */; };
		018CB4712161C66F00C5CF56 /* Assets.xcassets in Resources */ = {isa = PBXBuildFile; fileRef = 018CB4702161C66F00C5CF56 /* Assets.xcassets */; };
		018CB4742161C66F00C5CF56 /* LaunchScreen.storyboard in Resources */ = {isa = PBXBuildFile; fileRef = 018CB4722161C66F00C5CF56 /* LaunchScreen.storyboard */; };
		018CB47F2161C66F00C5CF56 /* FoodTrackerTests.swift in Sources */ = {isa = PBXBuildFile; fileRef = 018CB47E2161C66F00C5CF56 /* FoodTrackerTests.swift */; };
		018CB48A2161C66F00C5CF56 /* FoodTrackerUITests.swift in Sources */ = {isa = PBXBuildFile; fileRef = 018CB4892161C66F00C5CF56 /* FoodTrackerUITests.swift */; };
		018CB4982162212100C5CF56 /* RatingControl.swift in Sources */ = {isa = PBXBuildFile; fileRef = 018CB4972162212100C5CF56 /* RatingControl.swift */; };
		018CB49C21624BEA00C5CF56 /* Meal.swift in Sources */ = {isa = PBXBuildFile; fileRef = 018CB49B21624BEA00C5CF56 /* Meal.swift */; };
		018CB49E21626CDA00C5CF56 /* MealTableViewCell.swift in Sources */ = {isa = PBXBuildFile; fileRef = 018CB49D21626CDA00C5CF56 /* MealTableViewCell.swift */; };
		018CB4A0216272C000C5CF56 /* MealTableViewController.swift in Sources */ = {isa = PBXBuildFile; fileRef = 018CB49F216272C000C5CF56 /* MealTableViewController.swift */; };
/* End PBXBuildFile section */

/* Begin PBXContainerItemProxy section */
		018CB47B2161C66F00C5CF56 /* PBXContainerItemProxy */ = {
			isa = PBXContainerItemProxy;
			containerPortal = 018CB45E2161C66D00C5CF56 /* Project object */;
			proxyType = 1;
			remoteGlobalIDString = 018CB4652161C66D00C5CF56;
			remoteInfo = FoodTracker;
		};
		018CB4862161C66F00C5CF56 /* PBXContainerItemProxy */ = {
			isa = PBXContainerItemProxy;
			containerPortal = 018CB45E2161C66D00C5CF56 /* Project object */;
			proxyType = 1;
			remoteGlobalIDString = 018CB4652161C66D00C5CF56;
			remoteInfo = FoodTracker;
		};
/* End PBXContainerItemProxy section */

/* Begin PBXFileReference section */
		018CB4662161C66D00C5CF56 /* FoodTracker.app */ = {isa = PBXFileReference; explicitFileType = wrapper.application; includeInIndex = 0; path = FoodTracker.app; sourceTree = BUILT_PRODUCTS_DIR; };
		018CB4692161C66D00C5CF56 /* AppDelegate.swift */ = {isa = PBXFileReference; lastKnownFileType = sourcecode.swift; path = AppDelegate.swift; sourceTree = "<group>"; };
		018CB46B2161C66D00C5CF56 /* ViewController.swift */ = {isa = PBXFileReference; lastKnownFileType = sourcecode.swift; path = ViewController.swift; sourceTree = "<group>"; };
		018CB46E2161C66D00C5CF56 /* Base */ = {isa = PBXFileReference; lastKnownFileType = file.storyboard; name = Base; path = Base.lproj/Main.storyboard; sourceTree = "<group>"; };
		018CB4702161C66F00C5CF56 /* Assets.xcassets */ = {isa = PBXFileReference; lastKnownFileType = folder.assetcatalog; path = Assets.xcassets; sourceTree = "<group>"; };
		018CB4732161C66F00C5CF56 /* Base */ = {isa = PBXFileReference; lastKnownFileType = file.storyboard; name = Base; path = Base.lproj/LaunchScreen.storyboard; sourceTree = "<group>"; };
		018CB4752161C66F00C5CF56 /* Info.plist */ = {isa = PBXFileReference; lastKnownFileType = text.plist.xml; path = Info.plist; sourceTree = "<group>"; };
		018CB47A2161C66F00C5CF56 /* FoodTrackerTests.xctest */ = {isa = PBXFileReference; explicitFileType = wrapper.cfbundle; includeInIndex = 0; path = FoodTrackerTests.xctest; sourceTree = BUILT_PRODUCTS_DIR; };
		018CB47E2161C66F00C5CF56 /* FoodTrackerTests.swift */ = {isa = PBXFileReference; lastKnownFileType = sourcecode.swift; path = FoodTrackerTests.swift; sourceTree = "<group>"; };
		018CB4802161C66F00C5CF56 /* Info.plist */ = {isa = PBXFileReference; lastKnownFileType = text.plist.xml; path = Info.plist; sourceTree = "<group>"; };
		018CB4852161C66F00C5CF56 /* FoodTrackerUITests.xctest */ = {isa = PBXFileReference; explicitFileType = wrapper.cfbundle; includeInIndex = 0; path = FoodTrackerUITests.xctest; sourceTree = BUILT_PRODUCTS_DIR; };
		018CB4892161C66F00C5CF56 /* FoodTrackerUITests.swift */ = {isa = PBXFileReference; lastKnownFileType = sourcecode.swift; path = FoodTrackerUITests.swift; sourceTree = "<group>"; };
		018CB48B2161C66F00C5CF56 /* Info.plist */ = {isa = PBXFileReference; lastKnownFileType = text.plist.xml; path = Info.plist; sourceTree = "<group>"; };
		018CB4972162212100C5CF56 /* RatingControl.swift */ = {isa = PBXFileReference; lastKnownFileType = sourcecode.swift; path = RatingControl.swift; sourceTree = "<group>"; };
		018CB49B21624BEA00C5CF56 /* Meal.swift */ = {isa = PBXFileReference; lastKnownFileType = sourcecode.swift; path = Meal.swift; sourceTree = "<group>"; };
		018CB49D21626CDA00C5CF56 /* MealTableViewCell.swift */ = {isa = PBXFileReference; lastKnownFileType = sourcecode.swift; path = MealTableViewCell.swift; sourceTree = "<group>"; };
		018CB49F216272C000C5CF56 /* MealTableViewController.swift */ = {isa = PBXFileReference; lastKnownFileType = sourcecode.swift; path = MealTableViewController.swift; sourceTree = "<group>"; };
/* End PBXFileReference section */

/* Begin PBXFrameworksBuildPhase section */
		018CB4632161C66D00C5CF56 /* Frameworks */ = {
			isa = PBXFrameworksBuildPhase;
			buildActionMask = 2147483647;
			files = (
			);
			runOnlyForDeploymentPostprocessing = 0;
		};
		018CB4772161C66F00C5CF56 /* Frameworks */ = {
			isa = PBXFrameworksBuildPhase;
			buildActionMask = 2147483647;
			files = (
			);
			runOnlyForDeploymentPostprocessing = 0;
		};
		018CB4822161C66F00C5CF56 /* Frameworks */ = {
			isa = PBXFrameworksBuildPhase;
			buildActionMask = 2147483647;
			files = (
			);
			runOnlyForDeploymentPostprocessing = 0;
		};
/* End PBXFrameworksBuildPhase section */

/* Begin PBXGroup section */
		018CB45D2161C66D00C5CF56 = {
			isa = PBXGroup;
			children = (
				018CB4682161C66D00C5CF56 /* FoodTracker */,
				018CB47D2161C66F00C5CF56 /* FoodTrackerTests */,
				018CB4882161C66F00C5CF56 /* FoodTrackerUITests */,
				018CB4672161C66D00C5CF56 /* Products */,
			);
			sourceTree = "<group>";
		};
		018CB4672161C66D00C5CF56 /* Products */ = {
			isa = PBXGroup;
			children = (
				018CB4662161C66D00C5CF56 /* FoodTracker.app */,
				018CB47A2161C66F00C5CF56 /* FoodTrackerTests.xctest */,
				018CB4852161C66F00C5CF56 /* FoodTrackerUITests.xctest */,
			);
			name = Products;
			sourceTree = "<group>";
		};
		018CB4682161C66D00C5CF56 /* FoodTracker */ = {
			isa = PBXGroup;
			children = (
				018CB4692161C66D00C5CF56 /* AppDelegate.swift */,
				018CB46B2161C66D00C5CF56 /* ViewController.swift */,
				018CB46D2161C66D00C5CF56 /* Main.storyboard */,
				018CB4972162212100C5CF56 /* RatingControl.swift */,
				018CB4702161C66F00C5CF56 /* Assets.xcassets */,
				018CB4722161C66F00C5CF56 /* LaunchScreen.storyboard */,
				018CB4752161C66F00C5CF56 /* Info.plist */,
				018CB49B21624BEA00C5CF56 /* Meal.swift */,
				018CB49D21626CDA00C5CF56 /* MealTableViewCell.swift */,
				018CB49F216272C000C5CF56 /* MealTableViewController.swift */,
			);
			path = FoodTracker;
			sourceTree = "<group>";
		};
		018CB47D2161C66F00C5CF56 /* FoodTrackerTests */ = {
			isa = PBXGroup;
			children = (
				018CB47E2161C66F00C5CF56 /* FoodTrackerTests.swift */,
				018CB4802161C66F00C5CF56 /* Info.plist */,
			);
			path = FoodTrackerTests;
			sourceTree = "<group>";
		};
		018CB4882161C66F00C5CF56 /* FoodTrackerUITests */ = {
			isa = PBXGroup;
			children = (
				018CB4892161C66F00C5CF56 /* FoodTrackerUITests.swift */,
				018CB48B2161C66F00C5CF56 /* Info.plist */,
			);
			path = FoodTrackerUITests;
			sourceTree = "<group>";
		};
/* End PBXGroup section */

/* Begin PBXNativeTarget section */
		018CB4652161C66D00C5CF56 /* FoodTracker */ = {
			isa = PBXNativeTarget;
			buildConfigurationList = 018CB48E2161C66F00C5CF56 /* Build configuration list for PBXNativeTarget "FoodTracker" */;
			buildPhases = (
				018CB4622161C66D00C5CF56 /* Sources */,
				018CB4632161C66D00C5CF56 /* Frameworks */,
				018CB4642161C66D00C5CF56 /* Resources */,
			);
			buildRules = (
			);
			dependencies = (
			);
			name = FoodTracker;
			productName = FoodTracker;
			productReference = 018CB4662161C66D00C5CF56 /* FoodTracker.app */;
			productType = "com.apple.product-type.application";
		};
		018CB4792161C66F00C5CF56 /* FoodTrackerTests */ = {
			isa = PBXNativeTarget;
			buildConfigurationList = 018CB4912161C66F00C5CF56 /* Build configuration list for PBXNativeTarget "FoodTrackerTests" */;
			buildPhases = (
				018CB4762161C66F00C5CF56 /* Sources */,
				018CB4772161C66F00C5CF56 /* Frameworks */,
				018CB4782161C66F00C5CF56 /* Resources */,
			);
			buildRules = (
			);
			dependencies = (
				018CB47C2161C66F00C5CF56 /* PBXTargetDependency */,
			);
			name = FoodTrackerTests;
			productName = FoodTrackerTests;
			productReference = 018CB47A2161C66F00C5CF56 /* FoodTrackerTests.xctest */;
			productType = "com.apple.product-type.bundle.unit-test";
		};
		018CB4842161C66F00C5CF56 /* FoodTrackerUITests */ = {
			isa = PBXNativeTarget;
			buildConfigurationList = 018CB4942161C66F00C5CF56 /* Build configuration list for PBXNativeTarget "FoodTrackerUITests" */;
			buildPhases = (
				018CB4812161C66F00C5CF56 /* Sources */,
				018CB4822161C66F00C5CF56 /* Frameworks */,
				018CB4832161C66F00C5CF56 /* Resources */,
			);
			buildRules = (
			);
			dependencies = (
				018CB4872161C66F00C5CF56 /* PBXTargetDependency */,
			);
			name = FoodTrackerUITests;
			productName = FoodTrackerUITests;
			productReference = 018CB4852161C66F00C5CF56 /* FoodTrackerUITests.xctest */;
			productType = "com.apple.product-type.bundle.ui-testing";
		};
/* End PBXNativeTarget section */

/* Begin PBXProject section */
		018CB45E2161C66D00C5CF56 /* Project object */ = {
			isa = PBXProject;
			attributes = {
				LastSwiftUpdateCheck = 0940;
				LastUpgradeCheck = 0940;
				ORGANIZATIONNAME = dty;
				TargetAttributes = {
					018CB4652161C66D00C5CF56 = {
						CreatedOnToolsVersion = 9.4.1;
					};
					018CB4792161C66F00C5CF56 = {
						CreatedOnToolsVersion = 9.4.1;
						TestTargetID = 018CB4652161C66D00C5CF56;
					};
					018CB4842161C66F00C5CF56 = {
						CreatedOnToolsVersion = 9.4.1;
						TestTargetID = 018CB4652161C66D00C5CF56;
					};
				};
			};
			buildConfigurationList = 018CB4612161C66D00C5CF56 /* Build configuration list for PBXProject "FoodTracker" */;
			compatibilityVersion = "Xcode 9.3";
			developmentRegion = en;
			hasScannedForEncodings = 0;
			knownRegions = (
				en,
				Base,
			);
			mainGroup = 018CB45D2161C66D00C5CF56;
			productRefGroup = 018CB4672161C66D00C5CF56 /* Products */;
			projectDirPath = "";
			projectRoot = "";
			targets = (
				018CB4652161C66D00C5CF56 /* FoodTracker */,
				018CB4792161C66F00C5CF56 /* FoodTrackerTests */,
				018CB4842161C66F00C5CF56 /* FoodTrackerUITests */,
			);
		};
/* End PBXProject section */

/* Begin PBXResourcesBuildPhase section */
		018CB4642161C66D00C5CF56 /* Resources */ = {
			isa = PBXResourcesBuildPhase;
			buildActionMask = 2147483647;
			files = (
				018CB4742161C66F00C5CF56 /* LaunchScreen.storyboard in Resources */,
				018CB4712161C66F00C5CF56 /* Assets.xcassets in Resources */,
				018CB46F2161C66D00C5CF56 /* Main.storyboard in Resources */,
			);
			runOnlyForDeploymentPostprocessing = 0;
		};
		018CB4782161C66F00C5CF56 /* Resources */ = {
			isa = PBXResourcesBuildPhase;
			buildActionMask = 2147483647;
			files = (
			);
			runOnlyForDeploymentPostprocessing = 0;
		};
		018CB4832161C66F00C5CF56 /* Resources */ = {
			isa = PBXResourcesBuildPhase;
			buildActionMask = 2147483647;
			files = (
			);
			runOnlyForDeploymentPostprocessing = 0;
		};
/* End PBXResourcesBuildPhase section */

/* Begin PBXSourcesBuildPhase section */
		018CB4622161C66D00C5CF56 /* Sources */ = {
			isa = PBXSourcesBuildPhase;
			buildActionMask = 2147483647;
			files = (
				018CB46C2161C66D00C5CF56 /* ViewController.swift in Sources */,
				018CB49C21624BEA00C5CF56 /* Meal.swift in Sources */,
				018CB4982162212100C5CF56 /* RatingControl.swift in Sources */,
				018CB46A2161C66D00C5CF56 /* AppDelegate.swift in Sources */,
				018CB4A0216272C000C5CF56 /* MealTableViewController.swift in Sources */,
				018CB49E21626CDA00C5CF56 /* MealTableViewCell.swift in Sources */,
			);
			runOnlyForDeploymentPostprocessing = 0;
		};
		018CB4762161C66F00C5CF56 /* Sources */ = {
			isa = PBXSourcesBuildPhase;
			buildActionMask = 2147483647;
			files = (
				018CB47F2161C66F00C5CF56 /* FoodTrackerTests.swift in Sources */,
			);
			runOnlyForDeploymentPostprocessing = 0;
		};
		018CB4812161C66F00C5CF56 /* Sources */ = {
			isa = PBXSourcesBuildPhase;
			buildActionMask = 2147483647;
			files = (
				018CB48A2161C66F00C5CF56 /* FoodTrackerUITests.swift in Sources */,
			);
			runOnlyForDeploymentPostprocessing = 0;
		};
/* End PBXSourcesBuildPhase section */

/* Begin PBXTargetDependency section */
		018CB47C2161C66F00C5CF56 /* PBXTargetDependency */ = {
			isa = PBXTargetDependency;
			target = 018CB4652161C66D00C5CF56 /* FoodTracker */;
			targetProxy = 018CB47B2161C66F00C5CF56 /* PBXContainerItemProxy */;
		};
		018CB4872161C66F00C5CF56 /* PBXTargetDependency */ = {
			isa = PBXTargetDependency;
			target = 018CB4652161C66D00C5CF56 /* FoodTracker */;
			targetProxy = 018CB4862161C66F00C5CF56 /* PBXContainerItemProxy */;
		};
/* End PBXTargetDependency section */

/* Begin PBXVariantGroup section */
		018CB46D2161C66D00C5CF56 /* Main.storyboard */ = {
			isa = PBXVariantGroup;
			children = (
				018CB46E2161C66D00C5CF56 /* Base */,
			);
			name = Main.storyboard;
			sourceTree = "<group>";
			usesTabs = 0;
		};
		018CB4722161C66F00C5CF56 /* LaunchScreen.storyboard */ = {
			isa = PBXVariantGroup;
			children = (
				018CB4732161C66F00C5CF56 /* Base */,
			);
			name = LaunchScreen.storyboard;
			sourceTree = "<group>";
		};
/* End PBXVariantGroup section */

/* Begin XCBuildConfiguration section */
		018CB48C2161C66F00C5CF56 /* Debug */ = {
			isa = XCBuildConfiguration;
			buildSettings = {
				ALWAYS_SEARCH_USER_PATHS = NO;
				CLANG_ANALYZER_NONNULL = YES;
				CLANG_ANALYZER_NUMBER_OBJECT_CONVERSION = YES_AGGRESSIVE;
				CLANG_CXX_LANGUAGE_STANDARD = "gnu++14";
				CLANG_CXX_LIBRARY = "libc++";
				CLANG_ENABLE_MODULES = YES;
				CLANG_ENABLE_OBJC_ARC = YES;
				CLANG_ENABLE_OBJC_WEAK = YES;
				CLANG_WARN_BLOCK_CAPTURE_AUTORELEASING = YES;
				CLANG_WARN_BOOL_CONVERSION = YES;
				CLANG_WARN_COMMA = YES;
				CLANG_WARN_CONSTANT_CONVERSION = YES;
				CLANG_WARN_DEPRECATED_OBJC_IMPLEMENTATIONS = YES;
				CLANG_WARN_DIRECT_OBJC_ISA_USAGE = YES_ERROR;
				CLANG_WARN_DOCUMENTATION_COMMENTS = YES;
				CLANG_WARN_EMPTY_BODY = YES;
				CLANG_WARN_ENUM_CONVERSION = YES;
				CLANG_WARN_INFINITE_RECURSION = YES;
				CLANG_WARN_INT_CONVERSION = YES;
				CLANG_WARN_NON_LITERAL_NULL_CONVERSION = YES;
				CLANG_WARN_OBJC_IMPLICIT_RETAIN_SELF = YES;
				CLANG_WARN_OBJC_LITERAL_CONVERSION = YES;
				CLANG_WARN_OBJC_ROOT_CLASS = YES_ERROR;
				CLANG_WARN_RANGE_LOOP_ANALYSIS = YES;
				CLANG_WARN_STRICT_PROTOTYPES = YES;
				CLANG_WARN_SUSPICIOUS_MOVE = YES;
				CLANG_WARN_UNGUARDED_AVAILABILITY = YES_AGGRESSIVE;
				CLANG_WARN_UNREACHABLE_CODE = YES;
				CLANG_WARN__DUPLICATE_METHOD_MATCH = YES;
				CODE_SIGN_IDENTITY = "iPhone Developer";
				COPY_PHASE_STRIP = NO;
				DEBUG_INFORMATION_FORMAT = dwarf;
				ENABLE_STRICT_OBJC_MSGSEND = YES;
				ENABLE_TESTABILITY = YES;
				GCC_C_LANGUAGE_STANDARD = gnu11;
				GCC_DYNAMIC_NO_PIC = NO;
				GCC_NO_COMMON_BLOCKS = YES;
				GCC_OPTIMIZATION_LEVEL = 0;
				GCC_PREPROCESSOR_DEFINITIONS = (
					"DEBUG=1",
					"$(inherited)",
				);
				GCC_WARN_64_TO_32_BIT_CONVERSION = YES;
				GCC_WARN_ABOUT_RETURN_TYPE = YES_ERROR;
				GCC_WARN_UNDECLARED_SELECTOR = YES;
				GCC_WARN_UNINITIALIZED_AUTOS = YES_AGGRESSIVE;
				GCC_WARN_UNUSED_FUNCTION = YES;
				GCC_WARN_UNUSED_VARIABLE = YES;
				IPHONEOS_DEPLOYMENT_TARGET = 11.4;
				MTL_ENABLE_DEBUG_INFO = YES;
				ONLY_ACTIVE_ARCH = YES;
				SDKROOT = iphoneos;
				SWIFT_ACTIVE_COMPILATION_CONDITIONS = DEBUG;
				SWIFT_OPTIMIZATION_LEVEL = "-Onone";
			};
			name = Debug;
		};
		018CB48D2161C66F00C5CF56 /* Release */ = {
			isa = XCBuildConfiguration;
			buildSettings = {
				ALWAYS_SEARCH_USER_PATHS = NO;
				CLANG_ANALYZER_NONNULL = YES;
				CLANG_ANALYZER_NUMBER_OBJECT_CONVERSION = YES_AGGRESSIVE;
				CLANG_CXX_LANGUAGE_STANDARD = "gnu++14";
				CLANG_CXX_LIBRARY = "libc++";
				CLANG_ENABLE_MODULES = YES;
				CLANG_ENABLE_OBJC_ARC = YES;
				CLANG_ENABLE_OBJC_WEAK = YES;
				CLANG_WARN_BLOCK_CAPTURE_AUTORELEASING = YES;
				CLANG_WARN_BOOL_CONVERSION = YES;
				CLANG_WARN_COMMA = YES;
				CLANG_WARN_CONSTANT_CONVERSION = YES;
				CLANG_WARN_DEPRECATED_OBJC_IMPLEMENTATIONS = YES;
				CLANG_WARN_DIRECT_OBJC_ISA_USAGE = YES_ERROR;
				CLANG_WARN_DOCUMENTATION_COMMENTS = YES;
				CLANG_WARN_EMPTY_BODY = YES;
				CLANG_WARN_ENUM_CONVERSION = YES;
				CLANG_WARN_INFINITE_RECURSION = YES;
				CLANG_WARN_INT_CONVERSION = YES;
				CLANG_WARN_NON_LITERAL_NULL_CONVERSION = YES;
				CLANG_WARN_OBJC_IMPLICIT_RETAIN_SELF = YES;
				CLANG_WARN_OBJC_LITERAL_CONVERSION = YES;
				CLANG_WARN_OBJC_ROOT_CLASS = YES_ERROR;
				CLANG_WARN_RANGE_LOOP_ANALYSIS = YES;
				CLANG_WARN_STRICT_PROTOTYPES = YES;
				CLANG_WARN_SUSPICIOUS_MOVE = YES;
				CLANG_WARN_UNGUARDED_AVAILABILITY = YES_AGGRESSIVE;
				CLANG_WARN_UNREACHABLE_CODE = YES;
				CLANG_WARN__DUPLICATE_METHOD_MATCH = YES;
				CODE_SIGN_IDENTITY = "iPhone Developer";
				COPY_PHASE_STRIP = NO;
				DEBUG_INFORMATION_FORMAT = "dwarf-with-dsym";
				ENABLE_NS_ASSERTIONS = NO;
				ENABLE_STRICT_OBJC_MSGSEND = YES;
				GCC_C_LANGUAGE_STANDARD = gnu11;
				GCC_NO_COMMON_BLOCKS = YES;
				GCC_WARN_64_TO_32_BIT_CONVERSION = YES;
				GCC_WARN_ABOUT_RETURN_TYPE = YES_ERROR;
				GCC_WARN_UNDECLARED_SELECTOR = YES;
				GCC_WARN_UNINITIALIZED_AUTOS = YES_AGGRESSIVE;
				GCC_WARN_UNUSED_FUNCTION = YES;
				GCC_WARN_UNUSED_VARIABLE = YES;
				IPHONEOS_DEPLOYMENT_TARGET = 11.4;
				MTL_ENABLE_DEBUG_INFO = NO;
				SDKROOT = iphoneos;
				SWIFT_COMPILATION_MODE = wholemodule;
				SWIFT_OPTIMIZATION_LEVEL = "-O";
				VALIDATE_PRODUCT = YES;
			};
			name = Release;
		};
		018CB48F2161C66F00C5CF56 /* Debug */ = {
			isa = XCBuildConfiguration;
			buildSettings = {
				ASSETCATALOG_COMPILER_APPICON_NAME = AppIcon;
				CODE_SIGN_STYLE = Automatic;
				DEVELOPMENT_TEAM = FZZVSRYRV4;
				INFOPLIST_FILE = FoodTracker/Info.plist;
				LD_RUNPATH_SEARCH_PATHS = (
					"$(inherited)",
					"@executable_path/Frameworks",
				);
				PRODUCT_BUNDLE_IDENTIFIER = dty.FoodTracker;
				PRODUCT_NAME = "$(TARGET_NAME)";
				SWIFT_VERSION = 4.0;
				TARGETED_DEVICE_FAMILY = "1,2";
			};
			name = Debug;
		};
		018CB4902161C66F00C5CF56 /* Release */ = {
			isa = XCBuildConfiguration;
			buildSettings = {
				ASSETCATALOG_COMPILER_APPICON_NAME = AppIcon;
				CODE_SIGN_STYLE = Automatic;
				DEVELOPMENT_TEAM = FZZVSRYRV4;
				INFOPLIST_FILE = FoodTracker/Info.plist;
				LD_RUNPATH_SEARCH_PATHS = (
					"$(inherited)",
					"@executable_path/Frameworks",
				);
				PRODUCT_BUNDLE_IDENTIFIER = dty.FoodTracker;
				PRODUCT_NAME = "$(TARGET_NAME)";
				SWIFT_VERSION = 4.0;
				TARGETED_DEVICE_FAMILY = "1,2";
			};
			name = Release;
		};
		018CB4922161C66F00C5CF56 /* Debug */ = {
			isa = XCBuildConfiguration;
			buildSettings = {
				ALWAYS_EMBED_SWIFT_STANDARD_LIBRARIES = YES;
				BUNDLE_LOADER = "$(TEST_HOST)";
				CODE_SIGN_STYLE = Automatic;
				DEVELOPMENT_TEAM = FZZVSRYRV4;
				INFOPLIST_FILE = FoodTrackerTests/Info.plist;
				LD_RUNPATH_SEARCH_PATHS = (
					"$(inherited)",
					"@executable_path/Frameworks",
					"@loader_path/Frameworks",
				);
				PRODUCT_BUNDLE_IDENTIFIER = dty.FoodTrackerTests;
				PRODUCT_NAME = "$(TARGET_NAME)";
				SWIFT_VERSION = 4.0;
				TARGETED_DEVICE_FAMILY = "1,2";
				TEST_HOST = "$(BUILT_PRODUCTS_DIR)/FoodTracker.app/FoodTracker";
			};
			name = Debug;
		};
		018CB4932161C66F00C5CF56 /* Release */ = {
			isa = XCBuildConfiguration;
			buildSettings = {
				ALWAYS_EMBED_SWIFT_STANDARD_LIBRARIES = YES;
				BUNDLE_LOADER = "$(TEST_HOST)";
				CODE_SIGN_STYLE = Automatic;
				DEVELOPMENT_TEAM = FZZVSRYRV4;
				INFOPLIST_FILE = FoodTrackerTests/Info.plist;
				LD_RUNPATH_SEARCH_PATHS = (
					"$(inherited)",
					"@executable_path/Frameworks",
					"@loader_path/Frameworks",
				);
				PRODUCT_BUNDLE_IDENTIFIER = dty.FoodTrackerTests;
				PRODUCT_NAME = "$(TARGET_NAME)";
				SWIFT_VERSION = 4.0;
				TARGETED_DEVICE_FAMILY = "1,2";
				TEST_HOST = "$(BUILT_PRODUCTS_DIR)/FoodTracker.app/FoodTracker";
			};
			name = Release;
		};
		018CB4952161C66F00C5CF56 /* Debug */ = {
			isa = XCBuildConfiguration;
			buildSettings = {
				ALWAYS_EMBED_SWIFT_STANDARD_LIBRARIES = YES;
				CODE_SIGN_STYLE = Automatic;
				DEVELOPMENT_TEAM = FZZVSRYRV4;
				INFOPLIST_FILE = FoodTrackerUITests/Info.plist;
				LD_RUNPATH_SEARCH_PATHS = (
					"$(inherited)",
					"@executable_path/Frameworks",
					"@loader_path/Frameworks",
				);
				PRODUCT_BUNDLE_IDENTIFIER = dty.FoodTrackerUITests;
				PRODUCT_NAME = "$(TARGET_NAME)";
				SWIFT_VERSION = 4.0;
				TARGETED_DEVICE_FAMILY = "1,2";
				TEST_TARGET_NAME = FoodTracker;
			};
			name = Debug;
		};
		018CB4962161C66F00C5CF56 /* Release */ = {
			isa = XCBuildConfiguration;
			buildSettings = {
				ALWAYS_EMBED_SWIFT_STANDARD_LIBRARIES = YES;
				CODE_SIGN_STYLE = Automatic;
				DEVELOPMENT_TEAM = FZZVSRYRV4;
				INFOPLIST_FILE = FoodTrackerUITests/Info.plist;
				LD_RUNPATH_SEARCH_PATHS = (
					"$(inherited)",
					"@executable_path/Frameworks",
					"@loader_path/Frameworks",
				);
				PRODUCT_BUNDLE_IDENTIFIER = dty.FoodTrackerUITests;
				PRODUCT_NAME = "$(TARGET_NAME)";
				SWIFT_VERSION = 4.0;
				TARGETED_DEVICE_FAMILY = "1,2";
				TEST_TARGET_NAME = FoodTracker;
			};
			name = Release;
		};
/* End XCBuildConfiguration section */

/* Begin XCConfigurationList section */
		018CB4612161C66D00C5CF56 /* Build configuration list for PBXProject "FoodTracker" */ = {
			isa = XCConfigurationList;
			buildConfigurations = (
				018CB48C2161C66F00C5CF56 /* Debug */,
				018CB48D2161C66F00C5CF56 /* Release */,
			);
			defaultConfigurationIsVisible = 0;
			defaultConfigurationName = Release;
		};
		018CB48E2161C66F00C5CF56 /* Build configuration list for PBXNativeTarget "FoodTracker" */ = {
			isa = XCConfigurationList;
			buildConfigurations = (
				018CB48F2161C66F00C5CF56 /* Debug */,
				018CB4902161C66F00C5CF56 /* Release */,
			);
			defaultConfigurationIsVisible = 0;
			defaultConfigurationName = Release;
		};
		018CB4912161C66F00C5CF56 /* Build configuration list for PBXNativeTarget "FoodTrackerTests" */ = {
			isa = XCConfigurationList;
			buildConfigurations = (
				018CB4922161C66F00C5CF56 /* Debug */,
				018CB4932161C66F00C5CF56 /* Release */,
			);
			defaultConfigurationIsVisible = 0;
			defaultConfigurationName = Release;
		};
		018CB4942161C66F00C5CF56 /* Build configuration list for PBXNativeTarget "FoodTrackerUITests" */ = {
			isa = XCConfigurationList;
			buildConfigurations = (
				018CB4952161C66F00C5CF56 /* Debug */,
				018CB4962161C66F00C5CF56 /* Release */,
			);
			defaultConfigurationIsVisible = 0;
			defaultConfigurationName = Release;
		};
/* End XCConfigurationList section */
	};
	rootObject = 018CB45E2161C66D00C5CF56 /* Project object */;
}
